
Microsoft Visual Studio Solution File, Format Version 12.00
# Visual Studio Version 16
VisualStudioVersion = 16.0.31605.320
MinimumVisualStudioVersion = 10.0.40219.1
Project("{FAE04EC0-301F-11D3-BF4B-00C04F79EFBC}") = "Homework_17", "Homework_17\Homework_17.csproj", "{9B04565E-9BC6-4913-93CA-153DCF3D502B}"
EndProject
Global
	GlobalSection(SolutionConfigurationPlatforms) = preSolution
		Debug|Any CPU = Debug|Any CPU
		Release|Any CPU = Release|Any CPU
	EndGlobalSection
	GlobalSection(ProjectConfigurationPlatforms) = postSolution
		{9B04565E-9BC6-4913-93CA-153DCF3D502B}.Debug|Any CPU.ActiveCfg = Debug|Any CPU
		{9B04565E-9BC6-4913-93CA-153DCF3D502B}.Debug|Any CPU.Build.0 = Debug|Any CPU
		{9B04565E-9BC6-4913-93CA-153DCF3D502B}.Release|Any CPU.ActiveCfg = Release|Any CPU
		{9B04565E-9BC6-4913-93CA-153DCF3D502B}.Release|Any CPU.Build.0 = Release|Any CPU
	EndGlobalSection
	GlobalSection(SolutionProperties) = preSolution
		HideSolutionNode = FALSE
	EndGlobalSection
	GlobalSection(ExtensibilityGlobals) = postSolution
		SolutionGuid = {28CFA2DA-2C82-49AC-B900-0B271E5BA39C}
	EndGlobalSection
EndGlobal
